
Microsoft Visual Studio Solution File, Format Version 12.00
# Visual Studio Version 16
VisualStudioVersion = 16.0.29215.179
MinimumVisualStudioVersion = 10.0.40219.1
Project("{FAE04EC0-301F-11D3-BF4B-00C04F79EFBC}") = "LOGIN SAULA", "LOGIN SAULA\LOGIN SAULA.csproj", "{B857CBA7-1324-46F0-A6C9-7DE990CD117D}"
EndProject
Global
	GlobalSection(SolutionConfigurationPlatforms) = preSolution
		Debug|Any CPU = Debug|Any CPU
		Release|Any CPU = Release|Any CPU
	EndGlobalSection
	GlobalSection(ProjectConfigurationPlatforms) = postSolution
		{B857CBA7-1324-46F0-A6C9-7DE990CD117D}.Debug|Any CPU.ActiveCfg = Debug|Any CPU
		{B857CBA7-1324-46F0-A6C9-7DE990CD117D}.Debug|Any CPU.Build.0 = Debug|Any CPU
		{B857CBA7-1324-46F0-A6C9-7DE990CD117D}.Release|Any CPU.ActiveCfg = Release|Any CPU
		{B857CBA7-1324-46F0-A6C9-7DE990CD117D}.Release|Any CPU.Build.0 = Release|Any CPU
	EndGlobalSection
	GlobalSection(SolutionProperties) = preSolution
		HideSolutionNode = FALSE
	EndGlobalSection
	GlobalSection(ExtensibilityGlobals) = postSolution
		SolutionGuid = {05B3D3BF-103A-4FB8-9AC2-6758D06C0E5B}
	EndGlobalSection
EndGlobal
